
Microsoft Visual Studio Solution File, Format Version 12.00
# Visual Studio Version 16
VisualStudioVersion = 16.0.31129.286
MinimumVisualStudioVersion = 10.0.40219.1
Project("{FAE04EC0-301F-11D3-BF4B-00C04F79EFBC}") = "CSharp.Solid.InterfaceSegregation", "CSharp.Solid.InterfaceSegregation\CSharp.Solid.InterfaceSegregation.csproj", "{1457BCA9-85B9-4F32-8E64-FCC36DB95B4A}"
EndProject
Project("{FAE04EC0-301F-11D3-BF4B-00C04F79EFBC}") = "CSharp.Solid.InterfaceSegregation.Models", "CSharp.Solid.InterfaceSegregation.Models\CSharp.Solid.InterfaceSegregation.Models.csproj", "{754CFE9F-7B9E-4128-A762-CD26FE9F35B1}"
EndProject
Global
	GlobalSection(SolutionConfigurationPlatforms) = preSolution
		Debug|Any CPU = Debug|Any CPU
		Release|Any CPU = Release|Any CPU
	EndGlobalSection
	GlobalSection(ProjectConfigurationPlatforms) = postSolution
		{1457BCA9-85B9-4F32-8E64-FCC36DB95B4A}.Debug|Any CPU.ActiveCfg = Debug|Any CPU
		{1457BCA9-85B9-4F32-8E64-FCC36DB95B4A}.Debug|Any CPU.Build.0 = Debug|Any CPU
		{1457BCA9-85B9-4F32-8E64-FCC36DB95B4A}.Release|Any CPU.ActiveCfg = Release|Any CPU
		{1457BCA9-85B9-4F32-8E64-FCC36DB95B4A}.Release|Any CPU.Build.0 = Release|Any CPU
		{754CFE9F-7B9E-4128-A762-CD26FE9F35B1}.Debug|Any CPU.ActiveCfg = Debug|Any CPU
		{754CFE9F-7B9E-4128-A762-CD26FE9F35B1}.Debug|Any CPU.Build.0 = Debug|Any CPU
		{754CFE9F-7B9E-4128-A762-CD26FE9F35B1}.Release|Any CPU.ActiveCfg = Release|Any CPU
		{754CFE9F-7B9E-4128-A762-CD26FE9F35B1}.Release|Any CPU.Build.0 = Release|Any CPU
	EndGlobalSection
	GlobalSection(SolutionProperties) = preSolution
		HideSolutionNode = FALSE
	EndGlobalSection
	GlobalSection(ExtensibilityGlobals) = postSolution
		SolutionGuid = {EE2FB857-7F55-4499-AA50-BD91ED126A12}
	EndGlobalSection
EndGlobal
